// !$*UTF8*$!
{
	archiveVersion = 1;
	classes = {
	};
	objectVersion = 46;
	objects = {

/* Begin PBXBuildFile section */
		C00684601E52A2A300C8F009 /* AutonomousViewController.swift in Sources */ = {isa = PBXBuildFile; fileRef = C006845F1E52A2A300C8F009 /* AutonomousViewController.swift */; };
		C02BCF7D1E52A046000E3CD2 /* TeleopViewController.swift in Sources */ = {isa = PBXBuildFile; fileRef = C02BCF7C1E52A045000E3CD2 /* TeleopViewController.swift */; };
		C032AFA91E55386400EC797C /* PenaltyViewController.swift in Sources */ = {isa = PBXBuildFile; fileRef = C032AFA81E55386400EC797C /* PenaltyViewController.swift */; };
		C43EFFAA1E38270A00BC2BB9 /* SessionStore.swift in Sources */ = {isa = PBXBuildFile; fileRef = C43EFFA51E38270A00BC2BB9 /* SessionStore.swift */; };
		C43EFFAB1E38270A00BC2BB9 /* Definitions.swift in Sources */ = {isa = PBXBuildFile; fileRef = C43EFFA61E38270A00BC2BB9 /* Definitions.swift */; };
		C43EFFAC1E38270A00BC2BB9 /* Match.swift in Sources */ = {isa = PBXBuildFile; fileRef = C43EFFA71E38270A00BC2BB9 /* Match.swift */; };
		C43EFFAD1E38270A00BC2BB9 /* MatchStore.swift in Sources */ = {isa = PBXBuildFile; fileRef = C43EFFA81E38270A00BC2BB9 /* MatchStore.swift */; };
		C44A80D21E356EBA00BA367B /* AppDelegate.swift in Sources */ = {isa = PBXBuildFile; fileRef = C44A80D11E356EBA00BA367B /* AppDelegate.swift */; };
		C44A80D61E356EBA00BA367B /* DetailViewController.swift in Sources */ = {isa = PBXBuildFile; fileRef = C44A80D51E356EBA00BA367B /* DetailViewController.swift */; };
		C44A80D91E356EBA00BA367B /* Main.storyboard in Resources */ = {isa = PBXBuildFile; fileRef = C44A80D71E356EBA00BA367B /* Main.storyboard */; };
		C44A80DB1E356EBA00BA367B /* Assets.xcassets in Resources */ = {isa = PBXBuildFile; fileRef = C44A80DA1E356EBA00BA367B /* Assets.xcassets */; };
		C44A80DE1E356EBA00BA367B /* LaunchScreen.storyboard in Resources */ = {isa = PBXBuildFile; fileRef = C44A80DC1E356EBA00BA367B /* LaunchScreen.storyboard */; };
		C44A81061E35D31100BA367B /* Results.storyboard in Resources */ = {isa = PBXBuildFile; fileRef = C44A81041E35D31100BA367B /* Results.storyboard */; };
		C44A810C1E35D32500BA367B /* Event.swift in Sources */ = {isa = PBXBuildFile; fileRef = C44A81081E35D32500BA367B /* Event.swift */; };
		C44A810D1E35D32500BA367B /* EventStore.swift in Sources */ = {isa = PBXBuildFile; fileRef = C44A81091E35D32500BA367B /* EventStore.swift */; };
		C44A810E1E35D32500BA367B /* ScheduleItem.swift in Sources */ = {isa = PBXBuildFile; fileRef = C44A810A1E35D32500BA367B /* ScheduleItem.swift */; };
		C44A810F1E35D32500BA367B /* ScheduleStore.swift in Sources */ = {isa = PBXBuildFile; fileRef = C44A810B1E35D32500BA367B /* ScheduleStore.swift */; };
		C44A81191E35D32C00BA367B /* FinalViewController.swift in Sources */ = {isa = PBXBuildFile; fileRef = C44A81121E35D32C00BA367B /* FinalViewController.swift */; };
		C44A811A1E35D32C00BA367B /* TeamInfoViewController.swift in Sources */ = {isa = PBXBuildFile; fileRef = C44A81131E35D32C00BA367B /* TeamInfoViewController.swift */; };
		C44A811B1E35D32C00BA367B /* EventSelectionTableViewController.swift in Sources */ = {isa = PBXBuildFile; fileRef = C44A81141E35D32C00BA367B /* EventSelectionTableViewController.swift */; };
		C44A811C1E35D32C00BA367B /* EventSelectionViewController.swift in Sources */ = {isa = PBXBuildFile; fileRef = C44A81151E35D32C00BA367B /* EventSelectionViewController.swift */; };
		C44A811D1E35D32C00BA367B /* ResultsMatchInfoViewController.swift in Sources */ = {isa = PBXBuildFile; fileRef = C44A81161E35D32C00BA367B /* ResultsMatchInfoViewController.swift */; };
		C44A811E1E35D32C00BA367B /* ResultsScoringViewController.swift in Sources */ = {isa = PBXBuildFile; fileRef = C44A81171E35D32C00BA367B /* ResultsScoringViewController.swift */; };
		C44A811F1E35D32C00BA367B /* ResultsTeleopViewController.swift in Sources */ = {isa = PBXBuildFile; fileRef = C44A81181E35D32C00BA367B /* ResultsTeleopViewController.swift */; };
		C44A81241E35D33100BA367B /* MasterViewController.swift in Sources */ = {isa = PBXBuildFile; fileRef = C44A81211E35D33100BA367B /* MasterViewController.swift */; };
		C44A81251E35D33100BA367B /* ScheduleViewController.swift in Sources */ = {isa = PBXBuildFile; fileRef = C44A81221E35D33100BA367B /* ScheduleViewController.swift */; };
		C44A81261E35D33100BA367B /* ToolsViewController.swift in Sources */ = {isa = PBXBuildFile; fileRef = C44A81231E35D33100BA367B /* ToolsViewController.swift */; };
		C44A812E1E35D33800BA367B /* CustomContainerArrayView.swift in Sources */ = {isa = PBXBuildFile; fileRef = C44A81281E35D33800BA367B /* CustomContainerArrayView.swift */; };
		C44A812F1E35D33800BA367B /* EventCell.swift in Sources */ = {isa = PBXBuildFile; fileRef = C44A81291E35D33800BA367B /* EventCell.swift */; };
		C44A81301E35D33800BA367B /* MatchCell.swift in Sources */ = {isa = PBXBuildFile; fileRef = C44A812A1E35D33800BA367B /* MatchCell.swift */; };
		C44A81311E35D33800BA367B /* ScheduleCell.swift in Sources */ = {isa = PBXBuildFile; fileRef = C44A812B1E35D33800BA367B /* ScheduleCell.swift */; };
		C44A81321E35D33800BA367B /* SelectionButton.swift in Sources */ = {isa = PBXBuildFile; fileRef = C44A812C1E35D33800BA367B /* SelectionButton.swift */; };
		C44A81331E35D33800BA367B /* themeDefinitions.swift in Sources */ = {isa = PBXBuildFile; fileRef = C44A812D1E35D33800BA367B /* themeDefinitions.swift */; };
		C4D61D2D1E35E39400320E1D /* SteamScoutTests.swift in Sources */ = {isa = PBXBuildFile; fileRef = C4D61D251E35E37C00320E1D /* SteamScoutTests.swift */; };
		C4D61D2E1E35E39F00320E1D /* SteamScoutUITests.swift in Sources */ = {isa = PBXBuildFile; fileRef = C4D61D2A1E35E38100320E1D /* SteamScoutUITests.swift */; };
		C4F889B01E5424BB00DC0826 /* StrongMatch.swift in Sources */ = {isa = PBXBuildFile; fileRef = C4F889AF1E5424BB00DC0826 /* StrongMatch.swift */; };
		EF06B7CFEDC58552F68BE5D1 /* Pods_SteamScout.framework in Frameworks */ = {isa = PBXBuildFile; fileRef = 27DBF6C4B9D95E9A3565B2A2 /* Pods_SteamScout.framework */; };
/* End PBXBuildFile section */

/* Begin PBXContainerItemProxy section */
		C44A80E51E356EBA00BA367B /* PBXContainerItemProxy */ = {
			isa = PBXContainerItemProxy;
			containerPortal = C44A80C61E356EBA00BA367B /* Project object */;
			proxyType = 1;
			remoteGlobalIDString = C44A80CD1E356EBA00BA367B;
			remoteInfo = SteamScout;
		};
		C44A80F01E356EBA00BA367B /* PBXContainerItemProxy */ = {
			isa = PBXContainerItemProxy;
			containerPortal = C44A80C61E356EBA00BA367B /* Project object */;
			proxyType = 1;
			remoteGlobalIDString = C44A80CD1E356EBA00BA367B;
			remoteInfo = SteamScout;
		};
/* End PBXContainerItemProxy section */

/* Begin PBXFileReference section */
		27DBF6C4B9D95E9A3565B2A2 /* Pods_SteamScout.framework */ = {isa = PBXFileReference; explicitFileType = wrapper.framework; includeInIndex = 0; path = Pods_SteamScout.framework; sourceTree = BUILT_PRODUCTS_DIR; };
		6E93E7F5A26E313A9018C132 /* Pods-SteamScout.release.xcconfig */ = {isa = PBXFileReference; includeInIndex = 1; lastKnownFileType = text.xcconfig; name = "Pods-SteamScout.release.xcconfig"; path = "Pods/Target Support Files/Pods-SteamScout/Pods-SteamScout.release.xcconfig"; sourceTree = "<group>"; };
		71422EE919DB60A15D7A3C10 /* Pods-SteamScout.debug.xcconfig */ = {isa = PBXFileReference; includeInIndex = 1; lastKnownFileType = text.xcconfig; name = "Pods-SteamScout.debug.xcconfig"; path = "Pods/Target Support Files/Pods-SteamScout/Pods-SteamScout.debug.xcconfig"; sourceTree = "<group>"; };
		C006845F1E52A2A300C8F009 /* AutonomousViewController.swift */ = {isa = PBXFileReference; fileEncoding = 4; lastKnownFileType = sourcecode.swift; path = AutonomousViewController.swift; sourceTree = "<group>"; };
		C02BCF7C1E52A045000E3CD2 /* TeleopViewController.swift */ = {isa = PBXFileReference; fileEncoding = 4; lastKnownFileType = sourcecode.swift; path = TeleopViewController.swift; sourceTree = "<group>"; };
		C032AFA81E55386400EC797C /* PenaltyViewController.swift */ = {isa = PBXFileReference; fileEncoding = 4; lastKnownFileType = sourcecode.swift; path = PenaltyViewController.swift; sourceTree = "<group>"; };
		C43EFFA51E38270A00BC2BB9 /* SessionStore.swift */ = {isa = PBXFileReference; fileEncoding = 4; lastKnownFileType = sourcecode.swift; path = SessionStore.swift; sourceTree = "<group>"; };
		C43EFFA61E38270A00BC2BB9 /* Definitions.swift */ = {isa = PBXFileReference; fileEncoding = 4; lastKnownFileType = sourcecode.swift; path = Definitions.swift; sourceTree = "<group>"; };
		C43EFFA71E38270A00BC2BB9 /* Match.swift */ = {isa = PBXFileReference; fileEncoding = 4; lastKnownFileType = sourcecode.swift; path = Match.swift; sourceTree = "<group>"; };
		C43EFFA81E38270A00BC2BB9 /* MatchStore.swift */ = {isa = PBXFileReference; fileEncoding = 4; lastKnownFileType = sourcecode.swift; path = MatchStore.swift; sourceTree = "<group>"; };
		C443D1861E35EFE400B27930 /* README.md */ = {isa = PBXFileReference; fileEncoding = 4; lastKnownFileType = net.daringfireball.markdown; path = README.md; sourceTree = "<group>"; };
		C44A80CE1E356EBA00BA367B /* SteamScout.app */ = {isa = PBXFileReference; explicitFileType = wrapper.application; includeInIndex = 0; path = SteamScout.app; sourceTree = BUILT_PRODUCTS_DIR; };
		C44A80D11E356EBA00BA367B /* AppDelegate.swift */ = {isa = PBXFileReference; lastKnownFileType = sourcecode.swift; path = AppDelegate.swift; sourceTree = "<group>"; };
		C44A80D51E356EBA00BA367B /* DetailViewController.swift */ = {isa = PBXFileReference; lastKnownFileType = sourcecode.swift; path = DetailViewController.swift; sourceTree = "<group>"; };
		C44A80D81E356EBA00BA367B /* Base */ = {isa = PBXFileReference; lastKnownFileType = file.storyboard; name = Base; path = Base.lproj/Main.storyboard; sourceTree = "<group>"; };
		C44A80DA1E356EBA00BA367B /* Assets.xcassets */ = {isa = PBXFileReference; lastKnownFileType = folder.assetcatalog; path = Assets.xcassets; sourceTree = "<group>"; };
		C44A80DD1E356EBA00BA367B /* Base */ = {isa = PBXFileReference; lastKnownFileType = file.storyboard; name = Base; path = Base.lproj/LaunchScreen.storyboard; sourceTree = "<group>"; };
		C44A80DF1E356EBA00BA367B /* Info.plist */ = {isa = PBXFileReference; lastKnownFileType = text.plist.xml; path = Info.plist; sourceTree = "<group>"; };
		C44A80E41E356EBA00BA367B /* SteamScoutTests.xctest */ = {isa = PBXFileReference; explicitFileType = wrapper.cfbundle; includeInIndex = 0; path = SteamScoutTests.xctest; sourceTree = BUILT_PRODUCTS_DIR; };
		C44A80EF1E356EBA00BA367B /* SteamScoutUITests.xctest */ = {isa = PBXFileReference; explicitFileType = wrapper.cfbundle; includeInIndex = 0; path = SteamScoutUITests.xctest; sourceTree = BUILT_PRODUCTS_DIR; };
		C44A81051E35D31100BA367B /* Base */ = {isa = PBXFileReference; lastKnownFileType = file.storyboard; name = Base; path = Base.lproj/Results.storyboard; sourceTree = "<group>"; };
		C44A81081E35D32500BA367B /* Event.swift */ = {isa = PBXFileReference; fileEncoding = 4; lastKnownFileType = sourcecode.swift; lineEnding = 0; path = Event.swift; sourceTree = "<group>"; xcLanguageSpecificationIdentifier = xcode.lang.swift; };
		C44A81091E35D32500BA367B /* EventStore.swift */ = {isa = PBXFileReference; fileEncoding = 4; lastKnownFileType = sourcecode.swift; lineEnding = 0; path = EventStore.swift; sourceTree = "<group>"; xcLanguageSpecificationIdentifier = xcode.lang.swift; };
		C44A810A1E35D32500BA367B /* ScheduleItem.swift */ = {isa = PBXFileReference; fileEncoding = 4; lastKnownFileType = sourcecode.swift; path = ScheduleItem.swift; sourceTree = "<group>"; };
		C44A810B1E35D32500BA367B /* ScheduleStore.swift */ = {isa = PBXFileReference; fileEncoding = 4; lastKnownFileType = sourcecode.swift; lineEnding = 0; path = ScheduleStore.swift; sourceTree = "<group>"; xcLanguageSpecificationIdentifier = xcode.lang.swift; };
		C44A81121E35D32C00BA367B /* FinalViewController.swift */ = {isa = PBXFileReference; fileEncoding = 4; lastKnownFileType = sourcecode.swift; lineEnding = 0; path = FinalViewController.swift; sourceTree = "<group>"; xcLanguageSpecificationIdentifier = xcode.lang.swift; };
		C44A81131E35D32C00BA367B /* TeamInfoViewController.swift */ = {isa = PBXFileReference; fileEncoding = 4; lastKnownFileType = sourcecode.swift; lineEnding = 0; path = TeamInfoViewController.swift; sourceTree = "<group>"; xcLanguageSpecificationIdentifier = xcode.lang.swift; };
		C44A81141E35D32C00BA367B /* EventSelectionTableViewController.swift */ = {isa = PBXFileReference; fileEncoding = 4; lastKnownFileType = sourcecode.swift; lineEnding = 0; path = EventSelectionTableViewController.swift; sourceTree = "<group>"; xcLanguageSpecificationIdentifier = xcode.lang.swift; };
		C44A81151E35D32C00BA367B /* EventSelectionViewController.swift */ = {isa = PBXFileReference; fileEncoding = 4; lastKnownFileType = sourcecode.swift; lineEnding = 0; path = EventSelectionViewController.swift; sourceTree = "<group>"; xcLanguageSpecificationIdentifier = xcode.lang.swift; };
		C44A81161E35D32C00BA367B /* ResultsMatchInfoViewController.swift */ = {isa = PBXFileReference; fileEncoding = 4; lastKnownFileType = sourcecode.swift; lineEnding = 0; path = ResultsMatchInfoViewController.swift; sourceTree = "<group>"; xcLanguageSpecificationIdentifier = xcode.lang.swift; };
		C44A81171E35D32C00BA367B /* ResultsScoringViewController.swift */ = {isa = PBXFileReference; fileEncoding = 4; lastKnownFileType = sourcecode.swift; lineEnding = 0; path = ResultsScoringViewController.swift; sourceTree = "<group>"; xcLanguageSpecificationIdentifier = xcode.lang.swift; };
		C44A81181E35D32C00BA367B /* ResultsTeleopViewController.swift */ = {isa = PBXFileReference; fileEncoding = 4; lastKnownFileType = sourcecode.swift; lineEnding = 0; path = ResultsTeleopViewController.swift; sourceTree = "<group>"; xcLanguageSpecificationIdentifier = xcode.lang.swift; };
		C44A81211E35D33100BA367B /* MasterViewController.swift */ = {isa = PBXFileReference; fileEncoding = 4; lastKnownFileType = sourcecode.swift; lineEnding = 0; path = MasterViewController.swift; sourceTree = "<group>"; xcLanguageSpecificationIdentifier = xcode.lang.swift; };
		C44A81221E35D33100BA367B /* ScheduleViewController.swift */ = {isa = PBXFileReference; fileEncoding = 4; lastKnownFileType = sourcecode.swift; lineEnding = 0; path = ScheduleViewController.swift; sourceTree = "<group>"; xcLanguageSpecificationIdentifier = xcode.lang.swift; };
		C44A81231E35D33100BA367B /* ToolsViewController.swift */ = {isa = PBXFileReference; fileEncoding = 4; lastKnownFileType = sourcecode.swift; lineEnding = 0; path = ToolsViewController.swift; sourceTree = "<group>"; xcLanguageSpecificationIdentifier = xcode.lang.swift; };
		C44A81281E35D33800BA367B /* CustomContainerArrayView.swift */ = {isa = PBXFileReference; fileEncoding = 4; lastKnownFileType = sourcecode.swift; lineEnding = 0; path = CustomContainerArrayView.swift; sourceTree = "<group>"; xcLanguageSpecificationIdentifier = xcode.lang.swift; };
		C44A81291E35D33800BA367B /* EventCell.swift */ = {isa = PBXFileReference; fileEncoding = 4; lastKnownFileType = sourcecode.swift; lineEnding = 0; path = EventCell.swift; sourceTree = "<group>"; xcLanguageSpecificationIdentifier = xcode.lang.swift; };
		C44A812A1E35D33800BA367B /* MatchCell.swift */ = {isa = PBXFileReference; fileEncoding = 4; lastKnownFileType = sourcecode.swift; lineEnding = 0; path = MatchCell.swift; sourceTree = "<group>"; xcLanguageSpecificationIdentifier = xcode.lang.swift; };
		C44A812B1E35D33800BA367B /* ScheduleCell.swift */ = {isa = PBXFileReference; fileEncoding = 4; lastKnownFileType = sourcecode.swift; lineEnding = 0; path = ScheduleCell.swift; sourceTree = "<group>"; xcLanguageSpecificationIdentifier = xcode.lang.swift; };
		C44A812C1E35D33800BA367B /* SelectionButton.swift */ = {isa = PBXFileReference; fileEncoding = 4; lastKnownFileType = sourcecode.swift; lineEnding = 0; path = SelectionButton.swift; sourceTree = "<group>"; xcLanguageSpecificationIdentifier = xcode.lang.swift; };
		C44A812D1E35D33800BA367B /* themeDefinitions.swift */ = {isa = PBXFileReference; fileEncoding = 4; lastKnownFileType = sourcecode.swift; lineEnding = 0; path = themeDefinitions.swift; sourceTree = "<group>"; xcLanguageSpecificationIdentifier = xcode.lang.swift; };
		C4D61D241E35E37C00320E1D /* Info.plist */ = {isa = PBXFileReference; fileEncoding = 4; lastKnownFileType = text.plist.xml; path = Info.plist; sourceTree = "<group>"; };
		C4D61D251E35E37C00320E1D /* SteamScoutTests.swift */ = {isa = PBXFileReference; fileEncoding = 4; lastKnownFileType = sourcecode.swift; path = SteamScoutTests.swift; sourceTree = "<group>"; };
		C4D61D291E35E38100320E1D /* Info.plist */ = {isa = PBXFileReference; fileEncoding = 4; lastKnownFileType = text.plist.xml; path = Info.plist; sourceTree = "<group>"; };
		C4D61D2A1E35E38100320E1D /* SteamScoutUITests.swift */ = {isa = PBXFileReference; fileEncoding = 4; lastKnownFileType = sourcecode.swift; path = SteamScoutUITests.swift; sourceTree = "<group>"; };
		C4F889AF1E5424BB00DC0826 /* StrongMatch.swift */ = {isa = PBXFileReference; fileEncoding = 4; lastKnownFileType = sourcecode.swift; path = StrongMatch.swift; sourceTree = "<group>"; };
/* End PBXFileReference section */

/* Begin PBXFrameworksBuildPhase section */
		C44A80CB1E356EBA00BA367B /* Frameworks */ = {
			isa = PBXFrameworksBuildPhase;
			buildActionMask = 2147483647;
			files = (
				EF06B7CFEDC58552F68BE5D1 /* Pods_SteamScout.framework in Frameworks */,
			);
			runOnlyForDeploymentPostprocessing = 0;
		};
		C44A80E11E356EBA00BA367B /* Frameworks */ = {
			isa = PBXFrameworksBuildPhase;
			buildActionMask = 2147483647;
			files = (
			);
			runOnlyForDeploymentPostprocessing = 0;
		};
		C44A80EC1E356EBA00BA367B /* Frameworks */ = {
			isa = PBXFrameworksBuildPhase;
			buildActionMask = 2147483647;
			files = (
			);
			runOnlyForDeploymentPostprocessing = 0;
		};
/* End PBXFrameworksBuildPhase section */

/* Begin PBXGroup section */
		1469688C81BF8DD63B9C4D69 /* Frameworks */ = {
			isa = PBXGroup;
			children = (
				27DBF6C4B9D95E9A3565B2A2 /* Pods_SteamScout.framework */,
			);
			name = Frameworks;
			sourceTree = "<group>";
		};
		522506D15A20CFFF4EDF9381 /* Pods */ = {
			isa = PBXGroup;
			children = (
				71422EE919DB60A15D7A3C10 /* Pods-SteamScout.debug.xcconfig */,
				6E93E7F5A26E313A9018C132 /* Pods-SteamScout.release.xcconfig */,
			);
			name = Pods;
			sourceTree = "<group>";
		};
		C44A80C51E356EBA00BA367B = {
			isa = PBXGroup;
			children = (
				C443D1861E35EFE400B27930 /* README.md */,
				C4D61D281E35E38100320E1D /* SteamScoutUITesting */,
				C4D61D231E35E37C00320E1D /* SteamScoutTesting */,
				C44A80D01E356EBA00BA367B /* SteamScout */,
				C44A80CF1E356EBA00BA367B /* Products */,
				522506D15A20CFFF4EDF9381 /* Pods */,
				1469688C81BF8DD63B9C4D69 /* Frameworks */,
			);
			sourceTree = "<group>";
		};
		C44A80CF1E356EBA00BA367B /* Products */ = {
			isa = PBXGroup;
			children = (
				C44A80CE1E356EBA00BA367B /* SteamScout.app */,
				C44A80E41E356EBA00BA367B /* SteamScoutTests.xctest */,
				C44A80EF1E356EBA00BA367B /* SteamScoutUITests.xctest */,
			);
			name = Products;
			sourceTree = "<group>";
		};
		C44A80D01E356EBA00BA367B /* SteamScout */ = {
			isa = PBXGroup;
			children = (
				C44A81271E35D33800BA367B /* Support */,
				C44A81201E35D33100BA367B /* MasterControllers */,
				C44A81101E35D32C00BA367B /* DetailControllers */,
				C44A81071E35D32500BA367B /* Models */,
				C44A81341E35D35200BA367B /* Storyboards */,
				C44A80D11E356EBA00BA367B /* AppDelegate.swift */,
				C44A80D51E356EBA00BA367B /* DetailViewController.swift */,
				C44A80DA1E356EBA00BA367B /* Assets.xcassets */,
				C44A80DF1E356EBA00BA367B /* Info.plist */,
			);
			path = SteamScout;
			sourceTree = "<group>";
		};
		C44A81071E35D32500BA367B /* Models */ = {
			isa = PBXGroup;
			children = (
				C4F889AF1E5424BB00DC0826 /* StrongMatch.swift */,
				C43EFFA51E38270A00BC2BB9 /* SessionStore.swift */,
				C43EFFA61E38270A00BC2BB9 /* Definitions.swift */,
				C43EFFA71E38270A00BC2BB9 /* Match.swift */,
				C43EFFA81E38270A00BC2BB9 /* MatchStore.swift */,
				C44A81081E35D32500BA367B /* Event.swift */,
				C44A81091E35D32500BA367B /* EventStore.swift */,
				C44A810A1E35D32500BA367B /* ScheduleItem.swift */,
				C44A810B1E35D32500BA367B /* ScheduleStore.swift */,
			);
			path = Models;
			sourceTree = "<group>";
		};
		C44A81101E35D32C00BA367B /* DetailControllers */ = {
			isa = PBXGroup;
			children = (
				C44A81111E35D32C00BA367B /* DataEntry */,
				C44A81141E35D32C00BA367B /* EventSelectionTableViewController.swift */,
				C44A81151E35D32C00BA367B /* EventSelectionViewController.swift */,
				C44A81161E35D32C00BA367B /* ResultsMatchInfoViewController.swift */,
				C44A81171E35D32C00BA367B /* ResultsScoringViewController.swift */,
				C44A81181E35D32C00BA367B /* ResultsTeleopViewController.swift */,
			);
			path = DetailControllers;
			sourceTree = "<group>";
		};
		C44A81111E35D32C00BA367B /* DataEntry */ = {
			isa = PBXGroup;
			children = (
				C44A81121E35D32C00BA367B /* FinalViewController.swift */,
				C44A81131E35D32C00BA367B /* TeamInfoViewController.swift */,
			);
			path = DataEntry;
			sourceTree = "<group>";
		};
		C44A81201E35D33100BA367B /* MasterControllers */ = {
			isa = PBXGroup;
			children = (
				C44A81211E35D33100BA367B /* MasterViewController.swift */,
				C44A81221E35D33100BA367B /* ScheduleViewController.swift */,
				C44A81231E35D33100BA367B /* ToolsViewController.swift */,
				C02BCF7C1E52A045000E3CD2 /* TeleopViewController.swift */,
				C006845F1E52A2A300C8F009 /* AutonomousViewController.swift */,
				C032AFA81E55386400EC797C /* PenaltyViewController.swift */,
			);
			path = MasterControllers;
			sourceTree = "<group>";
		};
		C44A81271E35D33800BA367B /* Support */ = {
			isa = PBXGroup;
			children = (
				C44A81281E35D33800BA367B /* CustomContainerArrayView.swift */,
				C44A81291E35D33800BA367B /* EventCell.swift */,
				C44A812A1E35D33800BA367B /* MatchCell.swift */,
				C44A812B1E35D33800BA367B /* ScheduleCell.swift */,
				C44A812C1E35D33800BA367B /* SelectionButton.swift */,
				C44A812D1E35D33800BA367B /* themeDefinitions.swift */,
			);
			path = Support;
			sourceTree = "<group>";
		};
		C44A81341E35D35200BA367B /* Storyboards */ = {
			isa = PBXGroup;
			children = (
				C44A81041E35D31100BA367B /* Results.storyboard */,
				C44A80D71E356EBA00BA367B /* Main.storyboard */,
				C44A80DC1E356EBA00BA367B /* LaunchScreen.storyboard */,
			);
			name = Storyboards;
			sourceTree = "<group>";
		};
		C4D61D231E35E37C00320E1D /* SteamScoutTesting */ = {
			isa = PBXGroup;
			children = (
				C4D61D241E35E37C00320E1D /* Info.plist */,
				C4D61D251E35E37C00320E1D /* SteamScoutTests.swift */,
			);
			path = SteamScoutTesting;
			sourceTree = "<group>";
		};
		C4D61D281E35E38100320E1D /* SteamScoutUITesting */ = {
			isa = PBXGroup;
			children = (
				C4D61D291E35E38100320E1D /* Info.plist */,
				C4D61D2A1E35E38100320E1D /* SteamScoutUITests.swift */,
			);
			path = SteamScoutUITesting;
			sourceTree = "<group>";
		};
/* End PBXGroup section */

/* Begin PBXNativeTarget section */
		C44A80CD1E356EBA00BA367B /* SteamScout */ = {
			isa = PBXNativeTarget;
			buildConfigurationList = C44A80F81E356EBA00BA367B /* Build configuration list for PBXNativeTarget "SteamScout" */;
			buildPhases = (
				667D4309B3A21BE8A9B34654 /* [CP] Check Pods Manifest.lock */,
				C44A80CA1E356EBA00BA367B /* Sources */,
				C44A80CB1E356EBA00BA367B /* Frameworks */,
				C44A80CC1E356EBA00BA367B /* Resources */,
				2A20F9CAD8AC4D5FF7B7846E /* [CP] Embed Pods Frameworks */,
				BB667DD913A15CDF0362E2D8 /* [CP] Copy Pods Resources */,
			);
			buildRules = (
			);
			dependencies = (
			);
			name = SteamScout;
			productName = SteamScout;
			productReference = C44A80CE1E356EBA00BA367B /* SteamScout.app */;
			productType = "com.apple.product-type.application";
		};
		C44A80E31E356EBA00BA367B /* SteamScoutTests */ = {
			isa = PBXNativeTarget;
			buildConfigurationList = C44A80FB1E356EBA00BA367B /* Build configuration list for PBXNativeTarget "SteamScoutTests" */;
			buildPhases = (
				C44A80E01E356EBA00BA367B /* Sources */,
				C44A80E11E356EBA00BA367B /* Frameworks */,
				C44A80E21E356EBA00BA367B /* Resources */,
			);
			buildRules = (
			);
			dependencies = (
				C44A80E61E356EBA00BA367B /* PBXTargetDependency */,
			);
			name = SteamScoutTests;
			productName = SteamScoutTests;
			productReference = C44A80E41E356EBA00BA367B /* SteamScoutTests.xctest */;
			productType = "com.apple.product-type.bundle.unit-test";
		};
		C44A80EE1E356EBA00BA367B /* SteamScoutUITests */ = {
			isa = PBXNativeTarget;
			buildConfigurationList = C44A80FE1E356EBA00BA367B /* Build configuration list for PBXNativeTarget "SteamScoutUITests" */;
			buildPhases = (
				C44A80EB1E356EBA00BA367B /* Sources */,
				C44A80EC1E356EBA00BA367B /* Frameworks */,
				C44A80ED1E356EBA00BA367B /* Resources */,
			);
			buildRules = (
			);
			dependencies = (
				C44A80F11E356EBA00BA367B /* PBXTargetDependency */,
			);
			name = SteamScoutUITests;
			productName = SteamScoutUITests;
			productReference = C44A80EF1E356EBA00BA367B /* SteamScoutUITests.xctest */;
			productType = "com.apple.product-type.bundle.ui-testing";
		};
/* End PBXNativeTarget section */

/* Begin PBXProject section */
		C44A80C61E356EBA00BA367B /* Project object */ = {
			isa = PBXProject;
			attributes = {
				LastSwiftUpdateCheck = 0820;
				LastUpgradeCheck = 0820;
				ORGANIZATIONNAME = dhanwada;
				TargetAttributes = {
					C44A80CD1E356EBA00BA367B = {
						CreatedOnToolsVersion = 8.2.1;
						ProvisioningStyle = Automatic;
					};
					C44A80E31E356EBA00BA367B = {
						CreatedOnToolsVersion = 8.2.1;
						ProvisioningStyle = Automatic;
						TestTargetID = C44A80CD1E356EBA00BA367B;
					};
					C44A80EE1E356EBA00BA367B = {
						CreatedOnToolsVersion = 8.2.1;
						ProvisioningStyle = Automatic;
						TestTargetID = C44A80CD1E356EBA00BA367B;
					};
				};
			};
			buildConfigurationList = C44A80C91E356EBA00BA367B /* Build configuration list for PBXProject "SteamScout" */;
			compatibilityVersion = "Xcode 3.2";
			developmentRegion = English;
			hasScannedForEncodings = 0;
			knownRegions = (
				en,
				Base,
			);
			mainGroup = C44A80C51E356EBA00BA367B;
			productRefGroup = C44A80CF1E356EBA00BA367B /* Products */;
			projectDirPath = "";
			projectRoot = "";
			targets = (
				C44A80CD1E356EBA00BA367B /* SteamScout */,
				C44A80E31E356EBA00BA367B /* SteamScoutTests */,
				C44A80EE1E356EBA00BA367B /* SteamScoutUITests */,
			);
		};
/* End PBXProject section */

/* Begin PBXResourcesBuildPhase section */
		C44A80CC1E356EBA00BA367B /* Resources */ = {
			isa = PBXResourcesBuildPhase;
			buildActionMask = 2147483647;
			files = (
				C44A80DE1E356EBA00BA367B /* LaunchScreen.storyboard in Resources */,
				C44A81061E35D31100BA367B /* Results.storyboard in Resources */,
				C44A80DB1E356EBA00BA367B /* Assets.xcassets in Resources */,
				C44A80D91E356EBA00BA367B /* Main.storyboard in Resources */,
			);
			runOnlyForDeploymentPostprocessing = 0;
		};
		C44A80E21E356EBA00BA367B /* Resources */ = {
			isa = PBXResourcesBuildPhase;
			buildActionMask = 2147483647;
			files = (
			);
			runOnlyForDeploymentPostprocessing = 0;
		};
		C44A80ED1E356EBA00BA367B /* Resources */ = {
			isa = PBXResourcesBuildPhase;
			buildActionMask = 2147483647;
			files = (
			);
			runOnlyForDeploymentPostprocessing = 0;
		};
/* End PBXResourcesBuildPhase section */

/* Begin PBXShellScriptBuildPhase section */
		2A20F9CAD8AC4D5FF7B7846E /* [CP] Embed Pods Frameworks */ = {
			isa = PBXShellScriptBuildPhase;
			buildActionMask = 2147483647;
			files = (
			);
			inputPaths = (
			);
			name = "[CP] Embed Pods Frameworks";
			outputPaths = (
			);
			runOnlyForDeploymentPostprocessing = 0;
			shellPath = /bin/sh;
			shellScript = "\"${SRCROOT}/Pods/Target Support Files/Pods-SteamScout/Pods-SteamScout-frameworks.sh\"\n";
			showEnvVarsInLog = 0;
		};
		667D4309B3A21BE8A9B34654 /* [CP] Check Pods Manifest.lock */ = {
			isa = PBXShellScriptBuildPhase;
			buildActionMask = 2147483647;
			files = (
			);
			inputPaths = (
			);
			name = "[CP] Check Pods Manifest.lock";
			outputPaths = (
			);
			runOnlyForDeploymentPostprocessing = 0;
			shellPath = /bin/sh;
			shellScript = "diff \"${PODS_ROOT}/../Podfile.lock\" \"${PODS_ROOT}/Manifest.lock\" > /dev/null\nif [ $? != 0 ] ; then\n    # print error to STDERR\n    echo \"error: The sandbox is not in sync with the Podfile.lock. Run 'pod install' or update your CocoaPods installation.\" >&2\n    exit 1\nfi\n";
			showEnvVarsInLog = 0;
		};
		BB667DD913A15CDF0362E2D8 /* [CP] Copy Pods Resources */ = {
			isa = PBXShellScriptBuildPhase;
			buildActionMask = 2147483647;
			files = (
			);
			inputPaths = (
			);
			name = "[CP] Copy Pods Resources";
			outputPaths = (
			);
			runOnlyForDeploymentPostprocessing = 0;
			shellPath = /bin/sh;
			shellScript = "\"${SRCROOT}/Pods/Target Support Files/Pods-SteamScout/Pods-SteamScout-resources.sh\"\n";
			showEnvVarsInLog = 0;
		};
/* End PBXShellScriptBuildPhase section */

/* Begin PBXSourcesBuildPhase section */
		C44A80CA1E356EBA00BA367B /* Sources */ = {
			isa = PBXSourcesBuildPhase;
			buildActionMask = 2147483647;
			files = (
				C43EFFAA1E38270A00BC2BB9 /* SessionStore.swift in Sources */,
				C44A81301E35D33800BA367B /* MatchCell.swift in Sources */,
				C44A81251E35D33100BA367B /* ScheduleViewController.swift in Sources */,
				C4F889B01E5424BB00DC0826 /* StrongMatch.swift in Sources */,
				C44A810F1E35D32500BA367B /* ScheduleStore.swift in Sources */,
				C44A811A1E35D32C00BA367B /* TeamInfoViewController.swift in Sources */,
				C02BCF7D1E52A046000E3CD2 /* TeleopViewController.swift in Sources */,
				C00684601E52A2A300C8F009 /* AutonomousViewController.swift in Sources */,
				C44A81191E35D32C00BA367B /* FinalViewController.swift in Sources */,
				C44A81261E35D33100BA367B /* ToolsViewController.swift in Sources */,
				C44A811D1E35D32C00BA367B /* ResultsMatchInfoViewController.swift in Sources */,
				C44A80D61E356EBA00BA367B /* DetailViewController.swift in Sources */,
				C44A810C1E35D32500BA367B /* Event.swift in Sources */,
				C44A811B1E35D32C00BA367B /* EventSelectionTableViewController.swift in Sources */,
				C44A811C1E35D32C00BA367B /* EventSelectionViewController.swift in Sources */,
				C44A81321E35D33800BA367B /* SelectionButton.swift in Sources */,
				C44A812F1E35D33800BA367B /* EventCell.swift in Sources */,
				C44A810D1E35D32500BA367B /* EventStore.swift in Sources */,
				C44A810E1E35D32500BA367B /* ScheduleItem.swift in Sources */,
				C43EFFAB1E38270A00BC2BB9 /* Definitions.swift in Sources */,
				C44A81311E35D33800BA367B /* ScheduleCell.swift in Sources */,
				C43EFFAC1E38270A00BC2BB9 /* Match.swift in Sources */,
				C44A812E1E35D33800BA367B /* CustomContainerArrayView.swift in Sources */,
				C44A80D21E356EBA00BA367B /* AppDelegate.swift in Sources */,
				C44A811E1E35D32C00BA367B /* ResultsScoringViewController.swift in Sources */,
				C44A81241E35D33100BA367B /* MasterViewController.swift in Sources */,
				C44A81331E35D33800BA367B /* themeDefinitions.swift in Sources */,
				C44A811F1E35D32C00BA367B /* ResultsTeleopViewController.swift in Sources */,
				C032AFA91E55386400EC797C /* PenaltyViewController.swift in Sources */,
				C43EFFAD1E38270A00BC2BB9 /* MatchStore.swift in Sources */,
			);
			runOnlyForDeploymentPostprocessing = 0;
		};
		C44A80E01E356EBA00BA367B /* Sources */ = {
			isa = PBXSourcesBuildPhase;
			buildActionMask = 2147483647;
			files = (
				C4D61D2D1E35E39400320E1D /* SteamScoutTests.swift in Sources */,
			);
			runOnlyForDeploymentPostprocessing = 0;
		};
		C44A80EB1E356EBA00BA367B /* Sources */ = {
			isa = PBXSourcesBuildPhase;
			buildActionMask = 2147483647;
			files = (
				C4D61D2E1E35E39F00320E1D /* SteamScoutUITests.swift in Sources */,
			);
			runOnlyForDeploymentPostprocessing = 0;
		};
/* End PBXSourcesBuildPhase section */

/* Begin PBXTargetDependency section */
		C44A80E61E356EBA00BA367B /* PBXTargetDependency */ = {
			isa = PBXTargetDependency;
			target = C44A80CD1E356EBA00BA367B /* SteamScout */;
			targetProxy = C44A80E51E356EBA00BA367B /* PBXContainerItemProxy */;
		};
		C44A80F11E356EBA00BA367B /* PBXTargetDependency */ = {
			isa = PBXTargetDependency;
			target = C44A80CD1E356EBA00BA367B /* SteamScout */;
			targetProxy = C44A80F01E356EBA00BA367B /* PBXContainerItemProxy */;
		};
/* End PBXTargetDependency section */

/* Begin PBXVariantGroup section */
		C44A80D71E356EBA00BA367B /* Main.storyboard */ = {
			isa = PBXVariantGroup;
			children = (
				C44A80D81E356EBA00BA367B /* Base */,
			);
			name = Main.storyboard;
			sourceTree = "<group>";
		};
		C44A80DC1E356EBA00BA367B /* LaunchScreen.storyboard */ = {
			isa = PBXVariantGroup;
			children = (
				C44A80DD1E356EBA00BA367B /* Base */,
			);
			name = LaunchScreen.storyboard;
			sourceTree = "<group>";
		};
		C44A81041E35D31100BA367B /* Results.storyboard */ = {
			isa = PBXVariantGroup;
			children = (
				C44A81051E35D31100BA367B /* Base */,
			);
			name = Results.storyboard;
			sourceTree = "<group>";
		};
/* End PBXVariantGroup section */

/* Begin XCBuildConfiguration section */
		C44A80F61E356EBA00BA367B /* Debug */ = {
			isa = XCBuildConfiguration;
			buildSettings = {
				ALWAYS_EMBED_SWIFT_STANDARD_LIBRARIES = YES;
				ALWAYS_SEARCH_USER_PATHS = NO;
				CLANG_ANALYZER_NONNULL = YES;
				CLANG_CXX_LANGUAGE_STANDARD = "gnu++0x";
				CLANG_CXX_LIBRARY = "libc++";
				CLANG_ENABLE_MODULES = YES;
				CLANG_ENABLE_OBJC_ARC = YES;
				CLANG_WARN_BOOL_CONVERSION = YES;
				CLANG_WARN_CONSTANT_CONVERSION = YES;
				CLANG_WARN_DIRECT_OBJC_ISA_USAGE = YES_ERROR;
				CLANG_WARN_DOCUMENTATION_COMMENTS = YES;
				CLANG_WARN_EMPTY_BODY = YES;
				CLANG_WARN_ENUM_CONVERSION = YES;
				CLANG_WARN_INFINITE_RECURSION = YES;
				CLANG_WARN_INT_CONVERSION = YES;
				CLANG_WARN_OBJC_ROOT_CLASS = YES_ERROR;
				CLANG_WARN_SUSPICIOUS_MOVE = YES;
				CLANG_WARN_UNREACHABLE_CODE = YES;
				CLANG_WARN__DUPLICATE_METHOD_MATCH = YES;
				"CODE_SIGN_IDENTITY[sdk=iphoneos*]" = "iPhone Developer";
				COPY_PHASE_STRIP = NO;
				DEBUG_INFORMATION_FORMAT = dwarf;
				ENABLE_STRICT_OBJC_MSGSEND = YES;
				ENABLE_TESTABILITY = YES;
				GCC_C_LANGUAGE_STANDARD = gnu99;
				GCC_DYNAMIC_NO_PIC = NO;
				GCC_NO_COMMON_BLOCKS = YES;
				GCC_OPTIMIZATION_LEVEL = 0;
				GCC_PREPROCESSOR_DEFINITIONS = (
					"DEBUG=1",
					"$(inherited)",
				);
				GCC_WARN_64_TO_32_BIT_CONVERSION = YES;
				GCC_WARN_ABOUT_RETURN_TYPE = YES_ERROR;
				GCC_WARN_UNDECLARED_SELECTOR = YES;
				GCC_WARN_UNINITIALIZED_AUTOS = YES_AGGRESSIVE;
				GCC_WARN_UNUSED_FUNCTION = YES;
				GCC_WARN_UNUSED_VARIABLE = YES;
				IPHONEOS_DEPLOYMENT_TARGET = 9.3;
				MTL_ENABLE_DEBUG_INFO = YES;
				ONLY_ACTIVE_ARCH = YES;
				SDKROOT = iphoneos;
				SWIFT_ACTIVE_COMPILATION_CONDITIONS = DEBUG;
				SWIFT_OPTIMIZATION_LEVEL = "-Onone";
				TARGETED_DEVICE_FAMILY = 2;
			};
			name = Debug;
		};
		C44A80F71E356EBA00BA367B /* Release */ = {
			isa = XCBuildConfiguration;
			buildSettings = {
				ALWAYS_EMBED_SWIFT_STANDARD_LIBRARIES = YES;
				ALWAYS_SEARCH_USER_PATHS = NO;
				CLANG_ANALYZER_NONNULL = YES;
				CLANG_CXX_LANGUAGE_STANDARD = "gnu++0x";
				CLANG_CXX_LIBRARY = "libc++";
				CLANG_ENABLE_MODULES = YES;
				CLANG_ENABLE_OBJC_ARC = YES;
				CLANG_WARN_BOOL_CONVERSION = YES;
				CLANG_WARN_CONSTANT_CONVERSION = YES;
				CLANG_WARN_DIRECT_OBJC_ISA_USAGE = YES_ERROR;
				CLANG_WARN_DOCUMENTATION_COMMENTS = YES;
				CLANG_WARN_EMPTY_BODY = YES;
				CLANG_WARN_ENUM_CONVERSION = YES;
				CLANG_WARN_INFINITE_RECURSION = YES;
				CLANG_WARN_INT_CONVERSION = YES;
				CLANG_WARN_OBJC_ROOT_CLASS = YES_ERROR;
				CLANG_WARN_SUSPICIOUS_MOVE = YES;
				CLANG_WARN_UNREACHABLE_CODE = YES;
				CLANG_WARN__DUPLICATE_METHOD_MATCH = YES;
				"CODE_SIGN_IDENTITY[sdk=iphoneos*]" = "iPhone Developer";
				COPY_PHASE_STRIP = NO;
				DEBUG_INFORMATION_FORMAT = "dwarf-with-dsym";
				ENABLE_NS_ASSERTIONS = NO;
				ENABLE_STRICT_OBJC_MSGSEND = YES;
				GCC_C_LANGUAGE_STANDARD = gnu99;
				GCC_NO_COMMON_BLOCKS = YES;
				GCC_WARN_64_TO_32_BIT_CONVERSION = YES;
				GCC_WARN_ABOUT_RETURN_TYPE = YES_ERROR;
				GCC_WARN_UNDECLARED_SELECTOR = YES;
				GCC_WARN_UNINITIALIZED_AUTOS = YES_AGGRESSIVE;
				GCC_WARN_UNUSED_FUNCTION = YES;
				GCC_WARN_UNUSED_VARIABLE = YES;
				IPHONEOS_DEPLOYMENT_TARGET = 9.3;
				MTL_ENABLE_DEBUG_INFO = NO;
				SDKROOT = iphoneos;
				SWIFT_OPTIMIZATION_LEVEL = "-Owholemodule";
				TARGETED_DEVICE_FAMILY = 2;
				VALIDATE_PRODUCT = YES;
			};
			name = Release;
		};
		C44A80F91E356EBA00BA367B /* Debug */ = {
			isa = XCBuildConfiguration;
			baseConfigurationReference = 71422EE919DB60A15D7A3C10 /* Pods-SteamScout.debug.xcconfig */;
			buildSettings = {
				ALWAYS_EMBED_SWIFT_STANDARD_LIBRARIES = "$(inherited)";
				ASSETCATALOG_COMPILER_APPICON_NAME = AppIcon;
				INFOPLIST_FILE = SteamScout/Info.plist;
				IPHONEOS_DEPLOYMENT_TARGET = 9.3;
				LD_RUNPATH_SEARCH_PATHS = "$(inherited) @executable_path/Frameworks";
				PRODUCT_BUNDLE_IDENTIFIER = dhanwada.SteamScout;
				PRODUCT_NAME = "$(TARGET_NAME)";
				SWIFT_INCLUDE_PATHS = "$(SRCROOT)/../.build/debug/";
				SWIFT_VERSION = 3.0;
			};
			name = Debug;
		};
		C44A80FA1E356EBA00BA367B /* Release */ = {
			isa = XCBuildConfiguration;
			baseConfigurationReference = 6E93E7F5A26E313A9018C132 /* Pods-SteamScout.release.xcconfig */;
			buildSettings = {
				ALWAYS_EMBED_SWIFT_STANDARD_LIBRARIES = "$(inherited)";
				ASSETCATALOG_COMPILER_APPICON_NAME = AppIcon;
				INFOPLIST_FILE = SteamScout/Info.plist;
				IPHONEOS_DEPLOYMENT_TARGET = 9.3;
				LD_RUNPATH_SEARCH_PATHS = "$(inherited) @executable_path/Frameworks";
				PRODUCT_BUNDLE_IDENTIFIER = dhanwada.SteamScout;
				PRODUCT_NAME = "$(TARGET_NAME)";
				SWIFT_INCLUDE_PATHS = "$(SRCROOT)/../.build/debug/";
				SWIFT_VERSION = 3.0;
			};
			name = Release;
		};
		C44A80FC1E356EBA00BA367B /* Debug */ = {
			isa = XCBuildConfiguration;
			buildSettings = {
				ALWAYS_EMBED_SWIFT_STANDARD_LIBRARIES = YES;
				BUNDLE_LOADER = "$(TEST_HOST)";
				INFOPLIST_FILE = SteamScoutTests/Info.plist;
				LD_RUNPATH_SEARCH_PATHS = "$(inherited) @executable_path/Frameworks @loader_path/Frameworks";
				PRODUCT_BUNDLE_IDENTIFIER = dhanwada.SteamScoutTests;
				PRODUCT_NAME = "$(TARGET_NAME)";
				SWIFT_VERSION = 3.0;
				TEST_HOST = "$(BUILT_PRODUCTS_DIR)/SteamScout.app/SteamScout";
			};
			name = Debug;
		};
		C44A80FD1E356EBA00BA367B /* Release */ = {
			isa = XCBuildConfiguration;
			buildSettings = {
				ALWAYS_EMBED_SWIFT_STANDARD_LIBRARIES = YES;
				BUNDLE_LOADER = "$(TEST_HOST)";
				INFOPLIST_FILE = SteamScoutTests/Info.plist;
				LD_RUNPATH_SEARCH_PATHS = "$(inherited) @executable_path/Frameworks @loader_path/Frameworks";
				PRODUCT_BUNDLE_IDENTIFIER = dhanwada.SteamScoutTests;
				PRODUCT_NAME = "$(TARGET_NAME)";
				SWIFT_VERSION = 3.0;
				TEST_HOST = "$(BUILT_PRODUCTS_DIR)/SteamScout.app/SteamScout";
			};
			name = Release;
		};
		C44A80FF1E356EBA00BA367B /* Debug */ = {
			isa = XCBuildConfiguration;
			buildSettings = {
				ALWAYS_EMBED_SWIFT_STANDARD_LIBRARIES = YES;
				INFOPLIST_FILE = SteamScoutUITests/Info.plist;
				LD_RUNPATH_SEARCH_PATHS = "$(inherited) @executable_path/Frameworks @loader_path/Frameworks";
				PRODUCT_BUNDLE_IDENTIFIER = dhanwada.SteamScoutUITests;
				PRODUCT_NAME = "$(TARGET_NAME)";
				SWIFT_VERSION = 3.0;
				TEST_TARGET_NAME = SteamScout;
			};
			name = Debug;
		};
		C44A81001E356EBA00BA367B /* Release */ = {
			isa = XCBuildConfiguration;
			buildSettings = {
				ALWAYS_EMBED_SWIFT_STANDARD_LIBRARIES = YES;
				INFOPLIST_FILE = SteamScoutUITests/Info.plist;
				LD_RUNPATH_SEARCH_PATHS = "$(inherited) @executable_path/Frameworks @loader_path/Frameworks";
				PRODUCT_BUNDLE_IDENTIFIER = dhanwada.SteamScoutUITests;
				PRODUCT_NAME = "$(TARGET_NAME)";
				SWIFT_VERSION = 3.0;
				TEST_TARGET_NAME = SteamScout;
			};
			name = Release;
		};
/* End XCBuildConfiguration section */

/* Begin XCConfigurationList section */
		C44A80C91E356EBA00BA367B /* Build configuration list for PBXProject "SteamScout" */ = {
			isa = XCConfigurationList;
			buildConfigurations = (
				C44A80F61E356EBA00BA367B /* Debug */,
				C44A80F71E356EBA00BA367B /* Release */,
			);
			defaultConfigurationIsVisible = 0;
			defaultConfigurationName = Release;
		};
		C44A80F81E356EBA00BA367B /* Build configuration list for PBXNativeTarget "SteamScout" */ = {
			isa = XCConfigurationList;
			buildConfigurations = (
				C44A80F91E356EBA00BA367B /* Debug */,
				C44A80FA1E356EBA00BA367B /* Release */,
			);
			defaultConfigurationIsVisible = 0;
			defaultConfigurationName = Release;
		};
		C44A80FB1E356EBA00BA367B /* Build configuration list for PBXNativeTarget "SteamScoutTests" */ = {
			isa = XCConfigurationList;
			buildConfigurations = (
				C44A80FC1E356EBA00BA367B /* Debug */,
				C44A80FD1E356EBA00BA367B /* Release */,
			);
			defaultConfigurationIsVisible = 0;
			defaultConfigurationName = Release;
		};
		C44A80FE1E356EBA00BA367B /* Build configuration list for PBXNativeTarget "SteamScoutUITests" */ = {
			isa = XCConfigurationList;
			buildConfigurations = (
				C44A80FF1E356EBA00BA367B /* Debug */,
				C44A81001E356EBA00BA367B /* Release */,
			);
			defaultConfigurationIsVisible = 0;
			defaultConfigurationName = Release;
		};
/* End XCConfigurationList section */
	};
	rootObject = C44A80C61E356EBA00BA367B /* Project object */;
}
